
Microsoft Visual Studio Solution File, Format Version 12.00
# Visual Studio Version 17
VisualStudioVersion = 17.14.36203.30 d17.14
MinimumVisualStudioVersion = 10.0.40219.1
Project("{FAE04EC0-301F-11D3-BF4B-00C04F79EFBC}") = "Student_App", "Student_App\Student_App.csproj", "{607E0175-F534-4570-BEB2-B5BFE239A2D3}"
EndProject
Global
	GlobalSection(SolutionConfigurationPlatforms) = preSolution
		Debug|Any CPU = Debug|Any CPU
		Release|Any CPU = Release|Any CPU
	EndGlobalSection
	GlobalSection(ProjectConfigurationPlatforms) = postSolution
		{607E0175-F534-4570-BEB2-B5BFE239A2D3}.Debug|Any CPU.ActiveCfg = Debug|Any CPU
		{607E0175-F534-4570-BEB2-B5BFE239A2D3}.Debug|Any CPU.Build.0 = Debug|Any CPU
		{607E0175-F534-4570-BEB2-B5BFE239A2D3}.Release|Any CPU.ActiveCfg = Release|Any CPU
		{607E0175-F534-4570-BEB2-B5BFE239A2D3}.Release|Any CPU.Build.0 = Release|Any CPU
	EndGlobalSection
	GlobalSection(SolutionProperties) = preSolution
		HideSolutionNode = FALSE
	EndGlobalSection
	GlobalSection(ExtensibilityGlobals) = postSolution
		SolutionGuid = {A07663C2-B213-4AA9-A02A-CBCAFF9660D6}
	EndGlobalSection
EndGlobal
